
Microsoft Visual Studio Solution File, Format Version 12.00
# Visual Studio Version 16
VisualStudioVersion = 16.0.31702.278
MinimumVisualStudioVersion = 10.0.40219.1
Project("{FAE04EC0-301F-11D3-BF4B-00C04F79EFBC}") = "MandatoryOneTCP", "MandatoryOneTCP\MandatoryOneTCP.csproj", "{8EF1351E-91D6-42DA-93B7-30F6A28682DB}"
EndProject
Global
	GlobalSection(SolutionConfigurationPlatforms) = preSolution
		Debug|Any CPU = Debug|Any CPU
		Release|Any CPU = Release|Any CPU
	EndGlobalSection
	GlobalSection(ProjectConfigurationPlatforms) = postSolution
		{8EF1351E-91D6-42DA-93B7-30F6A28682DB}.Debug|Any CPU.ActiveCfg = Debug|Any CPU
		{8EF1351E-91D6-42DA-93B7-30F6A28682DB}.Debug|Any CPU.Build.0 = Debug|Any CPU
		{8EF1351E-91D6-42DA-93B7-30F6A28682DB}.Release|Any CPU.ActiveCfg = Release|Any CPU
		{8EF1351E-91D6-42DA-93B7-30F6A28682DB}.Release|Any CPU.Build.0 = Release|Any CPU
	EndGlobalSection
	GlobalSection(SolutionProperties) = preSolution
		HideSolutionNode = FALSE
	EndGlobalSection
	GlobalSection(ExtensibilityGlobals) = postSolution
		SolutionGuid = {C309FF82-2343-4F44-B79B-0CB97C56E6F6}
	EndGlobalSection
EndGlobal
